
Microsoft Visual Studio Solution File, Format Version 12.00
# Visual Studio Version 17
VisualStudioVersion = 17.14.36202.13
MinimumVisualStudioVersion = 10.0.40219.1
Project("{FAE04EC0-301F-11D3-BF4B-00C04F79EFBC}") = "RescueSystem.Api", "src\RescueSystem.Api\RescueSystem.Api.csproj", "{B5CCDE4E-8C4E-4BF6-936B-5172C602645F}"
EndProject
Project("{FAE04EC0-301F-11D3-BF4B-00C04F79EFBC}") = "RescueSystem.Domain", "src\RescueSystem.Domain\RescueSystem.Domain.csproj", "{1CBA7A43-21C6-4BC0-A7BE-AEB710761028}"
EndProject
Project("{FAE04EC0-301F-11D3-BF4B-00C04F79EFBC}") = "RescueSystem.Infrastructure", "src\RescueSystem.Infrastructure\RescueSystem.Infrastructure.csproj", "{4277B488-9ADE-4138-A542-5F2A07D5D59C}"
	ProjectSection(ProjectDependencies) = postProject
		{1CBA7A43-21C6-4BC0-A7BE-AEB710761028} = {1CBA7A43-21C6-4BC0-A7BE-AEB710761028}
	EndProjectSection
EndProject
Project("{FAE04EC0-301F-11D3-BF4B-00C04F79EFBC}") = "RescueSystem.Application", "src\RescueSystem.Application\RescueSystem.Application.csproj", "{7D146231-570E-46D0-A143-E5FAF9851D63}"
EndProject
Global
	GlobalSection(SolutionConfigurationPlatforms) = preSolution
		Debug|Any CPU = Debug|Any CPU
		Release|Any CPU = Release|Any CPU
	EndGlobalSection
	GlobalSection(ProjectConfigurationPlatforms) = postSolution
		{B5CCDE4E-8C4E-4BF6-936B-5172C602645F}.Debug|Any CPU.ActiveCfg = Debug|Any CPU
		{B5CCDE4E-8C4E-4BF6-936B-5172C602645F}.Debug|Any CPU.Build.0 = Debug|Any CPU
		{B5CCDE4E-8C4E-4BF6-936B-5172C602645F}.Release|Any CPU.ActiveCfg = Release|Any CPU
		{B5CCDE4E-8C4E-4BF6-936B-5172C602645F}.Release|Any CPU.Build.0 = Release|Any CPU
		{1CBA7A43-21C6-4BC0-A7BE-AEB710761028}.Debug|Any CPU.ActiveCfg = Debug|Any CPU
		{1CBA7A43-21C6-4BC0-A7BE-AEB710761028}.Debug|Any CPU.Build.0 = Debug|Any CPU
		{1CBA7A43-21C6-4BC0-A7BE-AEB710761028}.Release|Any CPU.ActiveCfg = Release|Any CPU
		{1CBA7A43-21C6-4BC0-A7BE-AEB710761028}.Release|Any CPU.Build.0 = Release|Any CPU
		{4277B488-9ADE-4138-A542-5F2A07D5D59C}.Debug|Any CPU.ActiveCfg = Debug|Any CPU
		{4277B488-9ADE-4138-A542-5F2A07D5D59C}.Debug|Any CPU.Build.0 = Debug|Any CPU
		{4277B488-9ADE-4138-A542-5F2A07D5D59C}.Release|Any CPU.ActiveCfg = Release|Any CPU
		{4277B488-9ADE-4138-A542-5F2A07D5D59C}.Release|Any CPU.Build.0 = Release|Any CPU
		{7D146231-570E-46D0-A143-E5FAF9851D63}.Debug|Any CPU.ActiveCfg = Debug|Any CPU
		{7D146231-570E-46D0-A143-E5FAF9851D63}.Debug|Any CPU.Build.0 = Debug|Any CPU
		{7D146231-570E-46D0-A143-E5FAF9851D63}.Release|Any CPU.ActiveCfg = Release|Any CPU
		{7D146231-570E-46D0-A143-E5FAF9851D63}.Release|Any CPU.Build.0 = Release|Any CPU
	EndGlobalSection
	GlobalSection(SolutionProperties) = preSolution
		HideSolutionNode = FALSE
	EndGlobalSection
	GlobalSection(ExtensibilityGlobals) = postSolution
		SolutionGuid = {2740B3AB-0794-4146-B157-8ED74633AFF5}
	EndGlobalSection
EndGlobal
